
Microsoft Visual Studio Solution File, Format Version 12.00
# Visual Studio Version 17
VisualStudioVersion = 17.9.34622.214
MinimumVisualStudioVersion = 10.0.40219.1
Project("{FAE04EC0-301F-11D3-BF4B-00C04F79EFBC}") = "NWork", "NWork.csproj", "{91D1719D-2D91-4F56-B21E-0113C03F902B}"
EndProject
Global
	GlobalSection(SolutionConfigurationPlatforms) = preSolution
		Debug|Any CPU = Debug|Any CPU
		Release|Any CPU = Release|Any CPU
	EndGlobalSection
	GlobalSection(ProjectConfigurationPlatforms) = postSolution
		{91D1719D-2D91-4F56-B21E-0113C03F902B}.Debug|Any CPU.ActiveCfg = Debug|Any CPU
		{91D1719D-2D91-4F56-B21E-0113C03F902B}.Debug|Any CPU.Build.0 = Debug|Any CPU
		{91D1719D-2D91-4F56-B21E-0113C03F902B}.Debug|Any CPU.Deploy.0 = Debug|Any CPU
		{91D1719D-2D91-4F56-B21E-0113C03F902B}.Release|Any CPU.ActiveCfg = Release|Any CPU
		{91D1719D-2D91-4F56-B21E-0113C03F902B}.Release|Any CPU.Build.0 = Release|Any CPU
		{91D1719D-2D91-4F56-B21E-0113C03F902B}.Release|Any CPU.Deploy.0 = Release|Any CPU
	EndGlobalSection
	GlobalSection(SolutionProperties) = preSolution
		HideSolutionNode = FALSE
	EndGlobalSection
	GlobalSection(ExtensibilityGlobals) = postSolution
		SolutionGuid = {3593A1A1-D897-4672-ABB9-3856975DD107}
	EndGlobalSection
EndGlobal
